<Solution>
  <Folder Name="/.dev-tools/">
    <File Path="CodeOfChaos.Unions.Release.slnf" />
    <File Path="CodeOfChaos.Unions.Testing.slnf" />
    <File Path="Directory.Packages.props" />
    <File Path="global.json" />
  </Folder>
  <Folder Name="/.dev-tools/github/">
    <File Path=".github/dependabot.yml" />
  </Folder>
  <Folder Name="/.dev-tools/github/scripts/">
    <File Path=".github/scripts/bump_version.py" />
    <File Path=".github/scripts/test_bump_version.py" />
  </Folder>
  <Folder Name="/.dev-tools/github/workflows/">
    <File Path=".github/workflows/ci-testing.yml" />
    <File Path=".github/workflows/ci-release.yml" />
  </Folder>
  <Folder Name="/examples/">
    <Project Path="examples/CodeOfChaosExample.Unions.Generators/CodeOfChaosExample.Unions.Generators.csproj" />
  </Folder>
  <Folder Name="/src/">
    <File Path="src/Directory.Build.props" />
    <Project Path="src/CodeOfChaos.Unions.Generators/CodeOfChaos.Unions.Generators.csproj" />
    <Project Path="src/CodeOfChaos.Unions/CodeOfChaos.Unions.csproj" />
  </Folder>
  <Folder Name="/tests/">
    <Project Path="tests/CodeOfChaosBenchmarks.Unions/CodeOfChaosBenchmarks.Unions.csproj" />
    <Project Path="tests/CodeOfChaosTests.Unions.Lib/CodeOfChaosTests.Unions.Lib.csproj" />
    <Project Path="tests/CodeOfChaosTests.Unions/CodeOfChaosTests.Unions.csproj" />
  </Folder>
</Solution>
