
Microsoft Visual Studio Solution File, Format Version 12.00
Project("{2150E333-8FDC-42A3-9474-1A3956D46DE8}") = "src", "src", "{567C231D-E8CF-4C9A-A958-6B187BBA8589}"
EndProject
Project("{2150E333-8FDC-42A3-9474-1A3956D46DE8}") = "tests", "tests", "{CA995D89-7F17-447F-937D-83CAAD577437}"
EndProject
Project("{FAE04EC0-301F-11D3-BF4B-00C04F79EFBC}") = "AterraEngine.Unions", "src\AterraEngine.Unions\AterraEngine.Unions.csproj", "{C27CF889-6010-4550-8DE8-F913D1140029}"
EndProject
Project("{FAE04EC0-301F-11D3-BF4B-00C04F79EFBC}") = "AterraEngine.Unions.Generators", "src\AterraEngine.Unions.Generators\AterraEngine.Unions.Generators.csproj", "{0FE4476E-C0E3-485B-937D-7E5F5BC16155}"
EndProject
Project("{FAE04EC0-301F-11D3-BF4B-00C04F79EFBC}") = "AterraEngine.Unions.Generators.Sample", "src\AterraEngine.Unions.Generators.Sample\AterraEngine.Unions.Generators.Sample.csproj", "{FE770A7D-C5BC-4718-90C2-571EBA157CD7}"
EndProject
Project("{FAE04EC0-301F-11D3-BF4B-00C04F79EFBC}") = "Tests.AterraEngine.Unions.Generators", "tests\Tests.AterraEngine.Unions.Generators\Tests.AterraEngine.Unions.Generators.csproj", "{1451BE55-4F53-4A38-B7CA-B2402D0CBEB7}"
EndProject
Project("{FAE04EC0-301F-11D3-BF4B-00C04F79EFBC}") = "Tests.AterraEngine.Unions", "tests\Tests.AterraEngine.Unions\Tests.AterraEngine.Unions.csproj", "{A3CD7055-298F-4EDC-87C0-5553AD4D75A0}"
EndProject
Project("{2150E333-8FDC-42A3-9474-1A3956D46DE8}") = "samples", "samples", "{E5117976-3EEF-4A2B-8A65-B7CCDEF6716A}"
EndProject
Project("{FAE04EC0-301F-11D3-BF4B-00C04F79EFBC}") = "Benchmarks.AterraEngine.Unions", "tests\Benchmarks.AterraEngine.Unions\Benchmarks.AterraEngine.Unions.csproj", "{54D8E2F4-D42C-454C-9C07-0EB4BC0B8036}"
EndProject
Project("{2150E333-8FDC-42A3-9474-1A3956D46DE8}") = "tools", "tools", "{BBCA14D3-A8A1-4537-BD8C-C9C97DAF1F33}"
EndProject
Project("{FAE04EC0-301F-11D3-BF4B-00C04F79EFBC}") = "Tools.AterraEngine.Unions", "src\Tools.AterraEngine.Unions\Tools.AterraEngine.Unions.csproj", "{3824A99F-DD8B-4699-A51A-D5260996D4B0}"
EndProject
Global
	GlobalSection(SolutionConfigurationPlatforms) = preSolution
		Debug|Any CPU = Debug|Any CPU
		Release|Any CPU = Release|Any CPU
	EndGlobalSection
	GlobalSection(NestedProjects) = preSolution
		{C27CF889-6010-4550-8DE8-F913D1140029} = {567C231D-E8CF-4C9A-A958-6B187BBA8589}
		{0FE4476E-C0E3-485B-937D-7E5F5BC16155} = {567C231D-E8CF-4C9A-A958-6B187BBA8589}
		{1451BE55-4F53-4A38-B7CA-B2402D0CBEB7} = {CA995D89-7F17-447F-937D-83CAAD577437}
		{A3CD7055-298F-4EDC-87C0-5553AD4D75A0} = {CA995D89-7F17-447F-937D-83CAAD577437}
		{FE770A7D-C5BC-4718-90C2-571EBA157CD7} = {E5117976-3EEF-4A2B-8A65-B7CCDEF6716A}
		{54D8E2F4-D42C-454C-9C07-0EB4BC0B8036} = {CA995D89-7F17-447F-937D-83CAAD577437}
		{3824A99F-DD8B-4699-A51A-D5260996D4B0} = {BBCA14D3-A8A1-4537-BD8C-C9C97DAF1F33}
	EndGlobalSection
	GlobalSection(ProjectConfigurationPlatforms) = postSolution
		{C27CF889-6010-4550-8DE8-F913D1140029}.Debug|Any CPU.ActiveCfg = Debug|Any CPU
		{C27CF889-6010-4550-8DE8-F913D1140029}.Debug|Any CPU.Build.0 = Debug|Any CPU
		{C27CF889-6010-4550-8DE8-F913D1140029}.Release|Any CPU.ActiveCfg = Release|Any CPU
		{C27CF889-6010-4550-8DE8-F913D1140029}.Release|Any CPU.Build.0 = Release|Any CPU
		{0FE4476E-C0E3-485B-937D-7E5F5BC16155}.Debug|Any CPU.ActiveCfg = Debug|Any CPU
		{0FE4476E-C0E3-485B-937D-7E5F5BC16155}.Debug|Any CPU.Build.0 = Debug|Any CPU
		{0FE4476E-C0E3-485B-937D-7E5F5BC16155}.Release|Any CPU.ActiveCfg = Release|Any CPU
		{0FE4476E-C0E3-485B-937D-7E5F5BC16155}.Release|Any CPU.Build.0 = Release|Any CPU
		{FE770A7D-C5BC-4718-90C2-571EBA157CD7}.Debug|Any CPU.ActiveCfg = Debug|Any CPU
		{FE770A7D-C5BC-4718-90C2-571EBA157CD7}.Debug|Any CPU.Build.0 = Debug|Any CPU
		{FE770A7D-C5BC-4718-90C2-571EBA157CD7}.Release|Any CPU.ActiveCfg = Release|Any CPU
		{FE770A7D-C5BC-4718-90C2-571EBA157CD7}.Release|Any CPU.Build.0 = Release|Any CPU
		{1451BE55-4F53-4A38-B7CA-B2402D0CBEB7}.Debug|Any CPU.ActiveCfg = Debug|Any CPU
		{1451BE55-4F53-4A38-B7CA-B2402D0CBEB7}.Debug|Any CPU.Build.0 = Debug|Any CPU
		{1451BE55-4F53-4A38-B7CA-B2402D0CBEB7}.Release|Any CPU.ActiveCfg = Release|Any CPU
		{1451BE55-4F53-4A38-B7CA-B2402D0CBEB7}.Release|Any CPU.Build.0 = Release|Any CPU
		{A3CD7055-298F-4EDC-87C0-5553AD4D75A0}.Debug|Any CPU.ActiveCfg = Debug|Any CPU
		{A3CD7055-298F-4EDC-87C0-5553AD4D75A0}.Debug|Any CPU.Build.0 = Debug|Any CPU
		{A3CD7055-298F-4EDC-87C0-5553AD4D75A0}.Release|Any CPU.ActiveCfg = Release|Any CPU
		{A3CD7055-298F-4EDC-87C0-5553AD4D75A0}.Release|Any CPU.Build.0 = Release|Any CPU
		{54D8E2F4-D42C-454C-9C07-0EB4BC0B8036}.Debug|Any CPU.ActiveCfg = Debug|Any CPU
		{54D8E2F4-D42C-454C-9C07-0EB4BC0B8036}.Debug|Any CPU.Build.0 = Debug|Any CPU
		{54D8E2F4-D42C-454C-9C07-0EB4BC0B8036}.Release|Any CPU.ActiveCfg = Release|Any CPU
		{54D8E2F4-D42C-454C-9C07-0EB4BC0B8036}.Release|Any CPU.Build.0 = Release|Any CPU
		{3824A99F-DD8B-4699-A51A-D5260996D4B0}.Debug|Any CPU.ActiveCfg = Debug|Any CPU
		{3824A99F-DD8B-4699-A51A-D5260996D4B0}.Debug|Any CPU.Build.0 = Debug|Any CPU
		{3824A99F-DD8B-4699-A51A-D5260996D4B0}.Release|Any CPU.ActiveCfg = Release|Any CPU
		{3824A99F-DD8B-4699-A51A-D5260996D4B0}.Release|Any CPU.Build.0 = Release|Any CPU
	EndGlobalSection
EndGlobal
